// !$*UTF8*$!
{
	archiveVersion = 1;
	classes = {
	};
	objectVersion = 50;
	objects = {

/* Begin PBXBuildFile section */
		3A0FB2072451F5C700631BE3 /* EffortsProgressView.swift in Sources */ = {isa = PBXBuildFile; fileRef = 3A0FB2062451F5C700631BE3 /* EffortsProgressView.swift */; };
		3A0FB20A2451F71800631BE3 /* WorkoutCategoriesView.swift in Sources */ = {isa = PBXBuildFile; fileRef = 3A0FB2092451F71800631BE3 /* WorkoutCategoriesView.swift */; };
		3A113DD923F9ED550020CCF7 /* schema.json in Resources */ = {isa = PBXBuildFile; fileRef = 3A113DD823F9ED550020CCF7 /* schema.json */; };
		3A374F21245F43EA00C4D0F3 /* ColorAttributeTransformer.swift in Sources */ = {isa = PBXBuildFile; fileRef = 3A374F20245F43EA00C4D0F3 /* ColorAttributeTransformer.swift */; };
		3A374F24245F444900C4D0F3 /* Category+CoreDataClass.swift in Sources */ = {isa = PBXBuildFile; fileRef = 3A374F22245F444900C4D0F3 /* Category+CoreDataClass.swift */; };
		3A374F27245F47E100C4D0F3 /* CategoryColor.swift in Sources */ = {isa = PBXBuildFile; fileRef = 3A374F26245F47E100C4D0F3 /* CategoryColor.swift */; };
		3A374F29245F4E7F00C4D0F3 /* CategoryView.swift in Sources */ = {isa = PBXBuildFile; fileRef = 3A374F28245F4E7F00C4D0F3 /* CategoryView.swift */; };
		3A3E96A8244B57E600433E4E /* WorkoutDetailView.swift in Sources */ = {isa = PBXBuildFile; fileRef = 3A3E96A7244B57E600433E4E /* WorkoutDetailView.swift */; };
		3A48389A23F9E09500D81883 /* AppDelegate.swift in Sources */ = {isa = PBXBuildFile; fileRef = 3A48389923F9E09500D81883 /* AppDelegate.swift */; };
		3A48389C23F9E09500D81883 /* SceneDelegate.swift in Sources */ = {isa = PBXBuildFile; fileRef = 3A48389B23F9E09500D81883 /* SceneDelegate.swift */; };
		3A48389E23F9E09500D81883 /* ContentView.swift in Sources */ = {isa = PBXBuildFile; fileRef = 3A48389D23F9E09500D81883 /* ContentView.swift */; };
		3A4838A023F9E09900D81883 /* Assets.xcassets in Resources */ = {isa = PBXBuildFile; fileRef = 3A48389F23F9E09900D81883 /* Assets.xcassets */; };
		3A4838A323F9E09900D81883 /* Preview Assets.xcassets in Resources */ = {isa = PBXBuildFile; fileRef = 3A4838A223F9E09900D81883 /* Preview Assets.xcassets */; };
		3A4838A623F9E09900D81883 /* LaunchScreen.storyboard in Resources */ = {isa = PBXBuildFile; fileRef = 3A4838A423F9E09900D81883 /* LaunchScreen.storyboard */; };
		3A6DD1272448EDDD001215E7 /* ExerciseDetail.swift in Sources */ = {isa = PBXBuildFile; fileRef = 3A6DD1262448EDDD001215E7 /* ExerciseDetail.swift */; };
		3AA99F7A2454C8EB001D8403 /* gymtrack_app.xcdatamodeld in Sources */ = {isa = PBXBuildFile; fileRef = 3AA99F782454C8EB001D8403 /* gymtrack_app.xcdatamodeld */; };
		3AB12D19246076520035E4E0 /* ExerciseUnit.swift in Sources */ = {isa = PBXBuildFile; fileRef = 3AB12D18246076520035E4E0 /* ExerciseUnit.swift */; };
		3AB12D1D2460B2750035E4E0 /* ExerciseStubProvider.swift in Sources */ = {isa = PBXBuildFile; fileRef = 3AB12D1C2460B2750035E4E0 /* ExerciseStubProvider.swift */; };
		3AB12D2024635A0C0035E4E0 /* CalendarView.swift in Sources */ = {isa = PBXBuildFile; fileRef = 3AB12D1F24635A0C0035E4E0 /* CalendarView.swift */; };
		3AB86E34244B66E300E5C009 /* ExerciseListView.swift in Sources */ = {isa = PBXBuildFile; fileRef = 3AB86E33244B66E300E5C009 /* ExerciseListView.swift */; };
		3AB86E39244B98F500E5C009 /* WorkoutListView.swift in Sources */ = {isa = PBXBuildFile; fileRef = 3AB86E38244B98F500E5C009 /* WorkoutListView.swift */; };
		3AB86E67244E056200E5C009 /* ViewModelStub.swift in Sources */ = {isa = PBXBuildFile; fileRef = 3AB86E66244E056200E5C009 /* ViewModelStub.swift */; };
		3ACEA303244F11830030E3DC /* EffortListView.swift in Sources */ = {isa = PBXBuildFile; fileRef = 3ACEA302244F11830030E3DC /* EffortListView.swift */; };
		3ACEA305244F14260030E3DC /* EffortListItemView.swift in Sources */ = {isa = PBXBuildFile; fileRef = 3ACEA304244F14260030E3DC /* EffortListItemView.swift */; };
		3ACEA308244F16670030E3DC /* WorkoutExerciseEffortsView.swift in Sources */ = {isa = PBXBuildFile; fileRef = 3ACEA307244F16670030E3DC /* WorkoutExerciseEffortsView.swift */; };
		3ACEA32E244F1FB30030E3DC /* schema.graphql in Resources */ = {isa = PBXBuildFile; fileRef = 3ACEA32D244F1FB30030E3DC /* schema.graphql */; };
		3ACEA336244F60090030E3DC /* ExerciseDetailView.swift in Sources */ = {isa = PBXBuildFile; fileRef = 3ACEA335244F60090030E3DC /* ExerciseDetailView.swift */; };
		3AE0FA51245F2BAB005774F7 /* DataProvider.swift in Sources */ = {isa = PBXBuildFile; fileRef = 3AE0FA50245F2BAB005774F7 /* DataProvider.swift */; };
		3AE0FA53245F2C5D005774F7 /* DataManagerMemory.swift in Sources */ = {isa = PBXBuildFile; fileRef = 3AE0FA52245F2C5D005774F7 /* DataManagerMemory.swift */; };
		3AE0FA86245F39F3005774F7 /* Effort+CoreDataClass.swift in Sources */ = {isa = PBXBuildFile; fileRef = 3AE0FA7C245F39F3005774F7 /* Effort+CoreDataClass.swift */; };
		3AE0FA88245F39F3005774F7 /* Exercise+CoreDataClass.swift in Sources */ = {isa = PBXBuildFile; fileRef = 3AE0FA7E245F39F3005774F7 /* Exercise+CoreDataClass.swift */; };
		3AE0FA8C245F39F3005774F7 /* Workout+CoreDataClass.swift in Sources */ = {isa = PBXBuildFile; fileRef = 3AE0FA82245F39F3005774F7 /* Workout+CoreDataClass.swift */; };
		3AE0FA91245F3AB8005774F7 /* StubProvider.swift in Sources */ = {isa = PBXBuildFile; fileRef = 3AE0FA90245F3AB8005774F7 /* StubProvider.swift */; };
		3AE0FA95245F3BDF005774F7 /* CategoryStubProvider.swift in Sources */ = {isa = PBXBuildFile; fileRef = 3AE0FA94245F3BDF005774F7 /* CategoryStubProvider.swift */; };
		3AE0FA98245F3D22005774F7 /* NSManagedObject+rawValue.swift in Sources */ = {isa = PBXBuildFile; fileRef = 3AE0FA97245F3D22005774F7 /* NSManagedObject+rawValue.swift */; };
		3AE7D154244E3BC800031884 /* ViewModel.swift in Sources */ = {isa = PBXBuildFile; fileRef = 3AE7D153244E3BC800031884 /* ViewModel.swift */; };
		3AEBAC0F246C7BE000D7D510 /* WorkoutStubProvider.swift in Sources */ = {isa = PBXBuildFile; fileRef = 3AEBAC0E246C7BE000D7D510 /* WorkoutStubProvider.swift */; };
		3AEBAC11246C91AC00D7D510 /* EffortStubProvider.swift in Sources */ = {isa = PBXBuildFile; fileRef = 3AEBAC10246C91AC00D7D510 /* EffortStubProvider.swift */; };
		3AEBAC13246DE1DA00D7D510 /* ExerciseStat.swift in Sources */ = {isa = PBXBuildFile; fileRef = 3AEBAC12246DE1DA00D7D510 /* ExerciseStat.swift */; };
		3AEBAC17246FFBCA00D7D510 /* WorkoutExerciseListView.swift in Sources */ = {isa = PBXBuildFile; fileRef = 3AEBAC16246FFBCA00D7D510 /* WorkoutExerciseListView.swift */; };
		3AF4354B245E2002004FA24E /* DataManager.swift in Sources */ = {isa = PBXBuildFile; fileRef = 3AF4354A245E2002004FA24E /* DataManager.swift */; };
/* End PBXBuildFile section */

/* Begin PBXCopyFilesBuildPhase section */
		3A08473124279DA6000D8C81 /* Embed Watch Content */ = {
			isa = PBXCopyFilesBuildPhase;
			buildActionMask = 2147483647;
			dstPath = "$(CONTENTS_FOLDER_PATH)/Watch";
			dstSubfolderSpec = 16;
			files = (
			);
			name = "Embed Watch Content";
			runOnlyForDeploymentPostprocessing = 0;
		};
/* End PBXCopyFilesBuildPhase section */

/* Begin PBXFileReference section */
		3A0FB2062451F5C700631BE3 /* EffortsProgressView.swift */ = {isa = PBXFileReference; lastKnownFileType = sourcecode.swift; path = EffortsProgressView.swift; sourceTree = "<group>"; };
		3A0FB2092451F71800631BE3 /* WorkoutCategoriesView.swift */ = {isa = PBXFileReference; lastKnownFileType = sourcecode.swift; path = WorkoutCategoriesView.swift; sourceTree = "<group>"; };
		3A113DD823F9ED550020CCF7 /* schema.json */ = {isa = PBXFileReference; fileEncoding = 4; lastKnownFileType = text.json; path = schema.json; sourceTree = "<group>"; };
		3A374F20245F43EA00C4D0F3 /* ColorAttributeTransformer.swift */ = {isa = PBXFileReference; lastKnownFileType = sourcecode.swift; path = ColorAttributeTransformer.swift; sourceTree = "<group>"; };
		3A374F22245F444900C4D0F3 /* Category+CoreDataClass.swift */ = {isa = PBXFileReference; lastKnownFileType = sourcecode.swift; path = "Category+CoreDataClass.swift"; sourceTree = "<group>"; };
		3A374F26245F47E100C4D0F3 /* CategoryColor.swift */ = {isa = PBXFileReference; lastKnownFileType = sourcecode.swift; path = CategoryColor.swift; sourceTree = "<group>"; };
		3A374F28245F4E7F00C4D0F3 /* CategoryView.swift */ = {isa = PBXFileReference; lastKnownFileType = sourcecode.swift; path = CategoryView.swift; sourceTree = "<group>"; };
		3A3E96A7244B57E600433E4E /* WorkoutDetailView.swift */ = {isa = PBXFileReference; lastKnownFileType = sourcecode.swift; path = WorkoutDetailView.swift; sourceTree = "<group>"; };
		3A48389623F9E09500D81883 /* gymtrack-app.app */ = {isa = PBXFileReference; explicitFileType = wrapper.application; includeInIndex = 0; path = "gymtrack-app.app"; sourceTree = BUILT_PRODUCTS_DIR; };
		3A48389923F9E09500D81883 /* AppDelegate.swift */ = {isa = PBXFileReference; lastKnownFileType = sourcecode.swift; path = AppDelegate.swift; sourceTree = "<group>"; };
		3A48389B23F9E09500D81883 /* SceneDelegate.swift */ = {isa = PBXFileReference; lastKnownFileType = sourcecode.swift; path = SceneDelegate.swift; sourceTree = "<group>"; };
		3A48389D23F9E09500D81883 /* ContentView.swift */ = {isa = PBXFileReference; lastKnownFileType = sourcecode.swift; path = ContentView.swift; sourceTree = "<group>"; };
		3A48389F23F9E09900D81883 /* Assets.xcassets */ = {isa = PBXFileReference; lastKnownFileType = folder.assetcatalog; path = Assets.xcassets; sourceTree = "<group>"; };
		3A4838A223F9E09900D81883 /* Preview Assets.xcassets */ = {isa = PBXFileReference; lastKnownFileType = folder.assetcatalog; path = "Preview Assets.xcassets"; sourceTree = "<group>"; };
		3A4838A523F9E09900D81883 /* Base */ = {isa = PBXFileReference; lastKnownFileType = file.storyboard; name = Base; path = Base.lproj/LaunchScreen.storyboard; sourceTree = "<group>"; };
		3A4838A723F9E09900D81883 /* Info.plist */ = {isa = PBXFileReference; lastKnownFileType = text.plist.xml; path = Info.plist; sourceTree = "<group>"; };
		3A6DD1262448EDDD001215E7 /* ExerciseDetail.swift */ = {isa = PBXFileReference; lastKnownFileType = sourcecode.swift; path = ExerciseDetail.swift; sourceTree = "<group>"; };
		3AA99F792454C8EB001D8403 /* gymtrack-app.xcdatamodel */ = {isa = PBXFileReference; lastKnownFileType = wrapper.xcdatamodel; path = "gymtrack-app.xcdatamodel"; sourceTree = "<group>"; };
		3AB12D18246076520035E4E0 /* ExerciseUnit.swift */ = {isa = PBXFileReference; lastKnownFileType = sourcecode.swift; path = ExerciseUnit.swift; sourceTree = "<group>"; };
		3AB12D1C2460B2750035E4E0 /* ExerciseStubProvider.swift */ = {isa = PBXFileReference; lastKnownFileType = sourcecode.swift; path = ExerciseStubProvider.swift; sourceTree = "<group>"; };
		3AB12D1F24635A0C0035E4E0 /* CalendarView.swift */ = {isa = PBXFileReference; lastKnownFileType = sourcecode.swift; path = CalendarView.swift; sourceTree = "<group>"; };
		3AB86E33244B66E300E5C009 /* ExerciseListView.swift */ = {isa = PBXFileReference; lastKnownFileType = sourcecode.swift; path = ExerciseListView.swift; sourceTree = "<group>"; };
		3AB86E38244B98F500E5C009 /* WorkoutListView.swift */ = {isa = PBXFileReference; lastKnownFileType = sourcecode.swift; path = WorkoutListView.swift; sourceTree = "<group>"; };
		3AB86E66244E056200E5C009 /* ViewModelStub.swift */ = {isa = PBXFileReference; lastKnownFileType = sourcecode.swift; path = ViewModelStub.swift; sourceTree = "<group>"; };
		3ACEA302244F11830030E3DC /* EffortListView.swift */ = {isa = PBXFileReference; lastKnownFileType = sourcecode.swift; path = EffortListView.swift; sourceTree = "<group>"; };
		3ACEA304244F14260030E3DC /* EffortListItemView.swift */ = {isa = PBXFileReference; lastKnownFileType = sourcecode.swift; path = EffortListItemView.swift; sourceTree = "<group>"; };
		3ACEA307244F16670030E3DC /* WorkoutExerciseEffortsView.swift */ = {isa = PBXFileReference; lastKnownFileType = sourcecode.swift; path = WorkoutExerciseEffortsView.swift; sourceTree = "<group>"; };
		3ACEA32D244F1FB30030E3DC /* schema.graphql */ = {isa = PBXFileReference; lastKnownFileType = text; path = schema.graphql; sourceTree = "<group>"; };
		3ACEA335244F60090030E3DC /* ExerciseDetailView.swift */ = {isa = PBXFileReference; lastKnownFileType = sourcecode.swift; path = ExerciseDetailView.swift; sourceTree = "<group>"; };
		3AE0FA50245F2BAB005774F7 /* DataProvider.swift */ = {isa = PBXFileReference; lastKnownFileType = sourcecode.swift; path = DataProvider.swift; sourceTree = "<group>"; };
		3AE0FA52245F2C5D005774F7 /* DataManagerMemory.swift */ = {isa = PBXFileReference; lastKnownFileType = sourcecode.swift; path = DataManagerMemory.swift; sourceTree = "<group>"; };
		3AE0FA7C245F39F3005774F7 /* Effort+CoreDataClass.swift */ = {isa = PBXFileReference; lastKnownFileType = sourcecode.swift; path = "Effort+CoreDataClass.swift"; sourceTree = "<group>"; };
		3AE0FA7E245F39F3005774F7 /* Exercise+CoreDataClass.swift */ = {isa = PBXFileReference; lastKnownFileType = sourcecode.swift; path = "Exercise+CoreDataClass.swift"; sourceTree = "<group>"; };
		3AE0FA82245F39F3005774F7 /* Workout+CoreDataClass.swift */ = {isa = PBXFileReference; lastKnownFileType = sourcecode.swift; path = "Workout+CoreDataClass.swift"; sourceTree = "<group>"; };
		3AE0FA90245F3AB8005774F7 /* StubProvider.swift */ = {isa = PBXFileReference; lastKnownFileType = sourcecode.swift; path = StubProvider.swift; sourceTree = "<group>"; };
		3AE0FA94245F3BDF005774F7 /* CategoryStubProvider.swift */ = {isa = PBXFileReference; lastKnownFileType = sourcecode.swift; path = CategoryStubProvider.swift; sourceTree = "<group>"; };
		3AE0FA97245F3D22005774F7 /* NSManagedObject+rawValue.swift */ = {isa = PBXFileReference; lastKnownFileType = sourcecode.swift; path = "NSManagedObject+rawValue.swift"; sourceTree = "<group>"; };
		3AE7D153244E3BC800031884 /* ViewModel.swift */ = {isa = PBXFileReference; lastKnownFileType = sourcecode.swift; path = ViewModel.swift; sourceTree = "<group>"; };
		3AEBAC0E246C7BE000D7D510 /* WorkoutStubProvider.swift */ = {isa = PBXFileReference; lastKnownFileType = sourcecode.swift; path = WorkoutStubProvider.swift; sourceTree = "<group>"; };
		3AEBAC10246C91AC00D7D510 /* EffortStubProvider.swift */ = {isa = PBXFileReference; lastKnownFileType = sourcecode.swift; path = EffortStubProvider.swift; sourceTree = "<group>"; };
		3AEBAC12246DE1DA00D7D510 /* ExerciseStat.swift */ = {isa = PBXFileReference; lastKnownFileType = sourcecode.swift; path = ExerciseStat.swift; sourceTree = "<group>"; };
		3AEBAC16246FFBCA00D7D510 /* WorkoutExerciseListView.swift */ = {isa = PBXFileReference; lastKnownFileType = sourcecode.swift; path = WorkoutExerciseListView.swift; sourceTree = "<group>"; };
		3AF4354A245E2002004FA24E /* DataManager.swift */ = {isa = PBXFileReference; lastKnownFileType = sourcecode.swift; path = DataManager.swift; sourceTree = "<group>"; };
/* End PBXFileReference section */

/* Begin PBXFrameworksBuildPhase section */
		3A48389323F9E09500D81883 /* Frameworks */ = {
			isa = PBXFrameworksBuildPhase;
			buildActionMask = 2147483647;
			files = (
			);
			runOnlyForDeploymentPostprocessing = 0;
		};
/* End PBXFrameworksBuildPhase section */

/* Begin PBXGroup section */
		3A0FB2082451F6E700631BE3 /* Workout */ = {
			isa = PBXGroup;
			children = (
				3ACEA307244F16670030E3DC /* WorkoutExerciseEffortsView.swift */,
				3A0FB2092451F71800631BE3 /* WorkoutCategoriesView.swift */,
				3AEBAC16246FFBCA00D7D510 /* WorkoutExerciseListView.swift */,
			);
			path = Workout;
			sourceTree = "<group>";
		};
		3A182CD2244F093D001AE620 /* Views */ = {
			isa = PBXGroup;
			children = (
				3AB12D1E246359F40035E4E0 /* Calendar */,
				3A182CD3244F0948001AE620 /* Category */,
				3ACEA30A244F1A320030E3DC /* Exercise */,
				3ACEA301244F116B0030E3DC /* Effort */,
				3A0FB2082451F6E700631BE3 /* Workout */,
			);
			path = Views;
			sourceTree = "<group>";
		};
		3A182CD3244F0948001AE620 /* Category */ = {
			isa = PBXGroup;
			children = (
				3A374F28245F4E7F00C4D0F3 /* CategoryView.swift */,
			);
			path = Category;
			sourceTree = "<group>";
		};
		3A374F1F245F43C800C4D0F3 /* Lib */ = {
			isa = PBXGroup;
			children = (
				3A374F20245F43EA00C4D0F3 /* ColorAttributeTransformer.swift */,
			);
			path = Lib;
			sourceTree = "<group>";
		};
		3A40F39F244B070B00A256E6 /* Frameworks */ = {
			isa = PBXGroup;
			children = (
			);
			name = Frameworks;
			sourceTree = "<group>";
		};
		3A48388D23F9E09500D81883 = {
			isa = PBXGroup;
			children = (
				3A48389823F9E09500D81883 /* gymtrack-app */,
				3A48389723F9E09500D81883 /* Products */,
				3A40F39F244B070B00A256E6 /* Frameworks */,
			);
			sourceTree = "<group>";
		};
		3A48389723F9E09500D81883 /* Products */ = {
			isa = PBXGroup;
			children = (
				3A48389623F9E09500D81883 /* gymtrack-app.app */,
			);
			name = Products;
			sourceTree = "<group>";
		};
		3A48389823F9E09500D81883 /* gymtrack-app */ = {
			isa = PBXGroup;
			children = (
				3AEBAC182470452A00D7D510 /* Containers */,
				3A374F1F245F43C800C4D0F3 /* Lib */,
				3AE0FA96245F3D10005774F7 /* Extensions */,
				3AF43549245E1FF6004FA24E /* Managers */,
				3AA99F7B2454C9FE001D8403 /* Models */,
				3AE7D148244E27F800031884 /* Stubs */,
				3AB86E65244E055800E5C009 /* Protocols */,
				3A182CD2244F093D001AE620 /* Views */,
				3A694BE223FACA2C00DFF737 /* Controllers */,
				3A113DD823F9ED550020CCF7 /* schema.json */,
				3ACEA32D244F1FB30030E3DC /* schema.graphql */,
				3A48389923F9E09500D81883 /* AppDelegate.swift */,
				3A48389B23F9E09500D81883 /* SceneDelegate.swift */,
				3A48389F23F9E09900D81883 /* Assets.xcassets */,
				3A4838A423F9E09900D81883 /* LaunchScreen.storyboard */,
				3A4838A723F9E09900D81883 /* Info.plist */,
				3A4838A123F9E09900D81883 /* Preview Content */,
				3AA99F782454C8EB001D8403 /* gymtrack_app.xcdatamodeld */,
			);
			path = "gymtrack-app";
			sourceTree = "<group>";
		};
		3A4838A123F9E09900D81883 /* Preview Content */ = {
			isa = PBXGroup;
			children = (
				3A4838A223F9E09900D81883 /* Preview Assets.xcassets */,
			);
			path = "Preview Content";
			sourceTree = "<group>";
		};
		3A694BE223FACA2C00DFF737 /* Controllers */ = {
			isa = PBXGroup;
			children = (
				3A48389D23F9E09500D81883 /* ContentView.swift */,
				3A6DD1262448EDDD001215E7 /* ExerciseDetail.swift */,
				3AB86E33244B66E300E5C009 /* ExerciseListView.swift */,
				3A3E96A7244B57E600433E4E /* WorkoutDetailView.swift */,
				3AB86E38244B98F500E5C009 /* WorkoutListView.swift */,
			);
			path = Controllers;
			sourceTree = "<group>";
		};
		3AA99F7B2454C9FE001D8403 /* Models */ = {
			isa = PBXGroup;
			children = (
				3A374F26245F47E100C4D0F3 /* CategoryColor.swift */,
				3AB12D18246076520035E4E0 /* ExerciseUnit.swift */,
				3AEBAC12246DE1DA00D7D510 /* ExerciseStat.swift */,
				3A374F22245F444900C4D0F3 /* Category+CoreDataClass.swift */,
				3AE0FA7E245F39F3005774F7 /* Exercise+CoreDataClass.swift */,
				3AE0FA7C245F39F3005774F7 /* Effort+CoreDataClass.swift */,
				3AE0FA82245F39F3005774F7 /* Workout+CoreDataClass.swift */,
			);
			path = Models;
			sourceTree = "<group>";
		};
		3AB12D1E246359F40035E4E0 /* Calendar */ = {
			isa = PBXGroup;
			children = (
				3AB12D1F24635A0C0035E4E0 /* CalendarView.swift */,
			);
			path = Calendar;
			sourceTree = "<group>";
		};
		3AB86E65244E055800E5C009 /* Protocols */ = {
			isa = PBXGroup;
			children = (
				3AB86E66244E056200E5C009 /* ViewModelStub.swift */,
				3AE7D153244E3BC800031884 /* ViewModel.swift */,
				3AE0FA50245F2BAB005774F7 /* DataProvider.swift */,
				3AE0FA90245F3AB8005774F7 /* StubProvider.swift */,
			);
			path = Protocols;
			sourceTree = "<group>";
		};
		3ACEA301244F116B0030E3DC /* Effort */ = {
			isa = PBXGroup;
			children = (
				3A0FB2062451F5C700631BE3 /* EffortsProgressView.swift */,
				3ACEA302244F11830030E3DC /* EffortListView.swift */,
				3ACEA304244F14260030E3DC /* EffortListItemView.swift */,
			);
			path = Effort;
			sourceTree = "<group>";
		};
		3ACEA30A244F1A320030E3DC /* Exercise */ = {
			isa = PBXGroup;
			children = (
				3ACEA335244F60090030E3DC /* ExerciseDetailView.swift */,
			);
			path = Exercise;
			sourceTree = "<group>";
		};
		3AE0FA96245F3D10005774F7 /* Extensions */ = {
			isa = PBXGroup;
			children = (
				3AE0FA97245F3D22005774F7 /* NSManagedObject+rawValue.swift */,
			);
			path = Extensions;
			sourceTree = "<group>";
		};
		3AE7D148244E27F800031884 /* Stubs */ = {
			isa = PBXGroup;
			children = (
				3AE0FA94245F3BDF005774F7 /* CategoryStubProvider.swift */,
				3AB12D1C2460B2750035E4E0 /* ExerciseStubProvider.swift */,
				3AEBAC0E246C7BE000D7D510 /* WorkoutStubProvider.swift */,
				3AEBAC10246C91AC00D7D510 /* EffortStubProvider.swift */,
			);
			path = Stubs;
			sourceTree = "<group>";
		};
		3AEBAC182470452A00D7D510 /* Containers */ = {
			isa = PBXGroup;
			children = (
			);
			path = Containers;
			sourceTree = "<group>";
		};
		3AF43549245E1FF6004FA24E /* Managers */ = {
			isa = PBXGroup;
			children = (
				3AF4354A245E2002004FA24E /* DataManager.swift */,
				3AE0FA52245F2C5D005774F7 /* DataManagerMemory.swift */,
			);
			path = Managers;
			sourceTree = "<group>";
		};
/* End PBXGroup section */

/* Begin PBXNativeTarget section */
		3A48389523F9E09500D81883 /* gymtrack-app */ = {
			isa = PBXNativeTarget;
			buildConfigurationList = 3A4838AA23F9E09900D81883 /* Build configuration list for PBXNativeTarget "gymtrack-app" */;
			buildPhases = (
				3A48389223F9E09500D81883 /* Sources */,
				3A48389323F9E09500D81883 /* Frameworks */,
				3A48389423F9E09500D81883 /* Resources */,
				3A08473124279DA6000D8C81 /* Embed Watch Content */,
			);
			buildRules = (
			);
			dependencies = (
			);
			name = "gymtrack-app";
			packageProductDependencies = (
			);
			productName = "gymtrack-app";
			productReference = 3A48389623F9E09500D81883 /* gymtrack-app.app */;
			productType = "com.apple.product-type.application";
		};
/* End PBXNativeTarget section */

/* Begin PBXProject section */
		3A48388E23F9E09500D81883 /* Project object */ = {
			isa = PBXProject;
			attributes = {
				LastSwiftUpdateCheck = 1130;
				LastUpgradeCheck = 1130;
				ORGANIZATIONNAME = "Eugene Cheltsov";
				TargetAttributes = {
					3A48389523F9E09500D81883 = {
						CreatedOnToolsVersion = 11.3.1;
					};
				};
			};
			buildConfigurationList = 3A48389123F9E09500D81883 /* Build configuration list for PBXProject "gymtrack-app" */;
			compatibilityVersion = "Xcode 9.3";
			developmentRegion = en;
			hasScannedForEncodings = 0;
			knownRegions = (
				en,
				Base,
			);
			mainGroup = 3A48388D23F9E09500D81883;
			packageReferences = (
			);
			productRefGroup = 3A48389723F9E09500D81883 /* Products */;
			projectDirPath = "";
			projectRoot = "";
			targets = (
				3A48389523F9E09500D81883 /* gymtrack-app */,
			);
		};
/* End PBXProject section */

/* Begin PBXResourcesBuildPhase section */
		3A48389423F9E09500D81883 /* Resources */ = {
			isa = PBXResourcesBuildPhase;
			buildActionMask = 2147483647;
			files = (
				3A113DD923F9ED550020CCF7 /* schema.json in Resources */,
				3A4838A623F9E09900D81883 /* LaunchScreen.storyboard in Resources */,
				3A4838A323F9E09900D81883 /* Preview Assets.xcassets in Resources */,
				3A4838A023F9E09900D81883 /* Assets.xcassets in Resources */,
				3ACEA32E244F1FB30030E3DC /* schema.graphql in Resources */,
			);
			runOnlyForDeploymentPostprocessing = 0;
		};
/* End PBXResourcesBuildPhase section */

/* Begin PBXSourcesBuildPhase section */
		3A48389223F9E09500D81883 /* Sources */ = {
			isa = PBXSourcesBuildPhase;
			buildActionMask = 2147483647;
			files = (
				3A3E96A8244B57E600433E4E /* WorkoutDetailView.swift in Sources */,
				3ACEA336244F60090030E3DC /* ExerciseDetailView.swift in Sources */,
				3AB12D2024635A0C0035E4E0 /* CalendarView.swift in Sources */,
				3AB86E67244E056200E5C009 /* ViewModelStub.swift in Sources */,
				3AE0FA8C245F39F3005774F7 /* Workout+CoreDataClass.swift in Sources */,
				3ACEA305244F14260030E3DC /* EffortListItemView.swift in Sources */,
				3AE7D154244E3BC800031884 /* ViewModel.swift in Sources */,
				3AE0FA51245F2BAB005774F7 /* DataProvider.swift in Sources */,
				3A48389A23F9E09500D81883 /* AppDelegate.swift in Sources */,
				3AE0FA91245F3AB8005774F7 /* StubProvider.swift in Sources */,
				3AEBAC11246C91AC00D7D510 /* EffortStubProvider.swift in Sources */,
				3A374F24245F444900C4D0F3 /* Category+CoreDataClass.swift in Sources */,
				3AB12D1D2460B2750035E4E0 /* ExerciseStubProvider.swift in Sources */,
				3AE0FA88245F39F3005774F7 /* Exercise+CoreDataClass.swift in Sources */,
				3AEBAC0F246C7BE000D7D510 /* WorkoutStubProvider.swift in Sources */,
				3A374F29245F4E7F00C4D0F3 /* CategoryView.swift in Sources */,
				3A374F27245F47E100C4D0F3 /* CategoryColor.swift in Sources */,
				3A6DD1272448EDDD001215E7 /* ExerciseDetail.swift in Sources */,
				3AEBAC17246FFBCA00D7D510 /* WorkoutExerciseListView.swift in Sources */,
				3ACEA303244F11830030E3DC /* EffortListView.swift in Sources */,
				3AE0FA86245F39F3005774F7 /* Effort+CoreDataClass.swift in Sources */,
				3AE0FA98245F3D22005774F7 /* NSManagedObject+rawValue.swift in Sources */,
				3A374F21245F43EA00C4D0F3 /* ColorAttributeTransformer.swift in Sources */,
				3AA99F7A2454C8EB001D8403 /* gymtrack_app.xcdatamodeld in Sources */,
				3AE0FA95245F3BDF005774F7 /* CategoryStubProvider.swift in Sources */,
				3A48389C23F9E09500D81883 /* SceneDelegate.swift in Sources */,
				3A48389E23F9E09500D81883 /* ContentView.swift in Sources */,
				3AF4354B245E2002004FA24E /* DataManager.swift in Sources */,
				3A0FB2072451F5C700631BE3 /* EffortsProgressView.swift in Sources */,
				3AB12D19246076520035E4E0 /* ExerciseUnit.swift in Sources */,
				3ACEA308244F16670030E3DC /* WorkoutExerciseEffortsView.swift in Sources */,
				3AB86E34244B66E300E5C009 /* ExerciseListView.swift in Sources */,
				3A0FB20A2451F71800631BE3 /* WorkoutCategoriesView.swift in Sources */,
				3AB86E39244B98F500E5C009 /* WorkoutListView.swift in Sources */,
				3AEBAC13246DE1DA00D7D510 /* ExerciseStat.swift in Sources */,
				3AE0FA53245F2C5D005774F7 /* DataManagerMemory.swift in Sources */,
			);
			runOnlyForDeploymentPostprocessing = 0;
		};
/* End PBXSourcesBuildPhase section */

/* Begin PBXVariantGroup section */
		3A4838A423F9E09900D81883 /* LaunchScreen.storyboard */ = {
			isa = PBXVariantGroup;
			children = (
				3A4838A523F9E09900D81883 /* Base */,
			);
			name = LaunchScreen.storyboard;
			sourceTree = "<group>";
		};
/* End PBXVariantGroup section */

/* Begin XCBuildConfiguration section */
		3A4838A823F9E09900D81883 /* Debug */ = {
			isa = XCBuildConfiguration;
			buildSettings = {
				ALWAYS_SEARCH_USER_PATHS = NO;
				CLANG_ANALYZER_NONNULL = YES;
				CLANG_ANALYZER_NUMBER_OBJECT_CONVERSION = YES_AGGRESSIVE;
				CLANG_CXX_LANGUAGE_STANDARD = "gnu++14";
				CLANG_CXX_LIBRARY = "libc++";
				CLANG_ENABLE_MODULES = YES;
				CLANG_ENABLE_OBJC_ARC = YES;
				CLANG_ENABLE_OBJC_WEAK = YES;
				CLANG_WARN_BLOCK_CAPTURE_AUTORELEASING = YES;
				CLANG_WARN_BOOL_CONVERSION = YES;
				CLANG_WARN_COMMA = YES;
				CLANG_WARN_CONSTANT_CONVERSION = YES;
				CLANG_WARN_DEPRECATED_OBJC_IMPLEMENTATIONS = YES;
				CLANG_WARN_DIRECT_OBJC_ISA_USAGE = YES_ERROR;
				CLANG_WARN_DOCUMENTATION_COMMENTS = YES;
				CLANG_WARN_EMPTY_BODY = YES;
				CLANG_WARN_ENUM_CONVERSION = YES;
				CLANG_WARN_INFINITE_RECURSION = YES;
				CLANG_WARN_INT_CONVERSION = YES;
				CLANG_WARN_NON_LITERAL_NULL_CONVERSION = YES;
				CLANG_WARN_OBJC_IMPLICIT_RETAIN_SELF = YES;
				CLANG_WARN_OBJC_LITERAL_CONVERSION = YES;
				CLANG_WARN_OBJC_ROOT_CLASS = YES_ERROR;
				CLANG_WARN_RANGE_LOOP_ANALYSIS = YES;
				CLANG_WARN_STRICT_PROTOTYPES = YES;
				CLANG_WARN_SUSPICIOUS_MOVE = YES;
				CLANG_WARN_UNGUARDED_AVAILABILITY = YES_AGGRESSIVE;
				CLANG_WARN_UNREACHABLE_CODE = YES;
				CLANG_WARN__DUPLICATE_METHOD_MATCH = YES;
				COPY_PHASE_STRIP = NO;
				DEBUG_INFORMATION_FORMAT = dwarf;
				ENABLE_STRICT_OBJC_MSGSEND = YES;
				ENABLE_TESTABILITY = YES;
				GCC_C_LANGUAGE_STANDARD = gnu11;
				GCC_DYNAMIC_NO_PIC = NO;
				GCC_NO_COMMON_BLOCKS = YES;
				GCC_OPTIMIZATION_LEVEL = 0;
				GCC_PREPROCESSOR_DEFINITIONS = (
					"DEBUG=1",
					"$(inherited)",
				);
				GCC_WARN_64_TO_32_BIT_CONVERSION = YES;
				GCC_WARN_ABOUT_RETURN_TYPE = YES_ERROR;
				GCC_WARN_UNDECLARED_SELECTOR = YES;
				GCC_WARN_UNINITIALIZED_AUTOS = YES_AGGRESSIVE;
				GCC_WARN_UNUSED_FUNCTION = YES;
				GCC_WARN_UNUSED_VARIABLE = YES;
				IPHONEOS_DEPLOYMENT_TARGET = 13.2;
				MTL_ENABLE_DEBUG_INFO = INCLUDE_SOURCE;
				MTL_FAST_MATH = YES;
				ONLY_ACTIVE_ARCH = YES;
				SDKROOT = iphoneos;
				SWIFT_ACTIVE_COMPILATION_CONDITIONS = DEBUG;
				SWIFT_OPTIMIZATION_LEVEL = "-Onone";
			};
			name = Debug;
		};
		3A4838A923F9E09900D81883 /* Release */ = {
			isa = XCBuildConfiguration;
			buildSettings = {
				ALWAYS_SEARCH_USER_PATHS = NO;
				CLANG_ANALYZER_NONNULL = YES;
				CLANG_ANALYZER_NUMBER_OBJECT_CONVERSION = YES_AGGRESSIVE;
				CLANG_CXX_LANGUAGE_STANDARD = "gnu++14";
				CLANG_CXX_LIBRARY = "libc++";
				CLANG_ENABLE_MODULES = YES;
				CLANG_ENABLE_OBJC_ARC = YES;
				CLANG_ENABLE_OBJC_WEAK = YES;
				CLANG_WARN_BLOCK_CAPTURE_AUTORELEASING = YES;
				CLANG_WARN_BOOL_CONVERSION = YES;
				CLANG_WARN_COMMA = YES;
				CLANG_WARN_CONSTANT_CONVERSION = YES;
				CLANG_WARN_DEPRECATED_OBJC_IMPLEMENTATIONS = YES;
				CLANG_WARN_DIRECT_OBJC_ISA_USAGE = YES_ERROR;
				CLANG_WARN_DOCUMENTATION_COMMENTS = YES;
				CLANG_WARN_EMPTY_BODY = YES;
				CLANG_WARN_ENUM_CONVERSION = YES;
				CLANG_WARN_INFINITE_RECURSION = YES;
				CLANG_WARN_INT_CONVERSION = YES;
				CLANG_WARN_NON_LITERAL_NULL_CONVERSION = YES;
				CLANG_WARN_OBJC_IMPLICIT_RETAIN_SELF = YES;
				CLANG_WARN_OBJC_LITERAL_CONVERSION = YES;
				CLANG_WARN_OBJC_ROOT_CLASS = YES_ERROR;
				CLANG_WARN_RANGE_LOOP_ANALYSIS = YES;
				CLANG_WARN_STRICT_PROTOTYPES = YES;
				CLANG_WARN_SUSPICIOUS_MOVE = YES;
				CLANG_WARN_UNGUARDED_AVAILABILITY = YES_AGGRESSIVE;
				CLANG_WARN_UNREACHABLE_CODE = YES;
				CLANG_WARN__DUPLICATE_METHOD_MATCH = YES;
				COPY_PHASE_STRIP = NO;
				DEBUG_INFORMATION_FORMAT = "dwarf-with-dsym";
				ENABLE_NS_ASSERTIONS = NO;
				ENABLE_STRICT_OBJC_MSGSEND = YES;
				GCC_C_LANGUAGE_STANDARD = gnu11;
				GCC_NO_COMMON_BLOCKS = YES;
				GCC_WARN_64_TO_32_BIT_CONVERSION = YES;
				GCC_WARN_ABOUT_RETURN_TYPE = YES_ERROR;
				GCC_WARN_UNDECLARED_SELECTOR = YES;
				GCC_WARN_UNINITIALIZED_AUTOS = YES_AGGRESSIVE;
				GCC_WARN_UNUSED_FUNCTION = YES;
				GCC_WARN_UNUSED_VARIABLE = YES;
				IPHONEOS_DEPLOYMENT_TARGET = 13.2;
				MTL_ENABLE_DEBUG_INFO = NO;
				MTL_FAST_MATH = YES;
				SDKROOT = iphoneos;
				SWIFT_COMPILATION_MODE = wholemodule;
				SWIFT_OPTIMIZATION_LEVEL = "-O";
				VALIDATE_PRODUCT = YES;
			};
			name = Release;
		};
		3A4838AB23F9E09900D81883 /* Debug */ = {
			isa = XCBuildConfiguration;
			buildSettings = {
				ASSETCATALOG_COMPILER_APPICON_NAME = AppIcon;
				CODE_SIGN_STYLE = Automatic;
				DEVELOPMENT_ASSET_PATHS = "\"gymtrack-app/Preview Content\"";
				DEVELOPMENT_TEAM = 9YQD9ZA92N;
				ENABLE_PREVIEWS = YES;
				INFOPLIST_FILE = "gymtrack-app/Info.plist";
				LD_RUNPATH_SEARCH_PATHS = (
					"$(inherited)",
					"@executable_path/Frameworks",
				);
				PRODUCT_BUNDLE_IDENTIFIER = "ok-so.gymtrack-app";
				PRODUCT_NAME = "$(TARGET_NAME)";
				SWIFT_VERSION = 5.0;
				TARGETED_DEVICE_FAMILY = "1,2";
			};
			name = Debug;
		};
		3A4838AC23F9E09900D81883 /* Release */ = {
			isa = XCBuildConfiguration;
			buildSettings = {
				ASSETCATALOG_COMPILER_APPICON_NAME = AppIcon;
				CODE_SIGN_STYLE = Automatic;
				DEVELOPMENT_ASSET_PATHS = "\"gymtrack-app/Preview Content\"";
				DEVELOPMENT_TEAM = 9YQD9ZA92N;
				ENABLE_PREVIEWS = YES;
				INFOPLIST_FILE = "gymtrack-app/Info.plist";
				LD_RUNPATH_SEARCH_PATHS = (
					"$(inherited)",
					"@executable_path/Frameworks",
				);
				PRODUCT_BUNDLE_IDENTIFIER = "ok-so.gymtrack-app";
				PRODUCT_NAME = "$(TARGET_NAME)";
				SWIFT_VERSION = 5.0;
				TARGETED_DEVICE_FAMILY = "1,2";
			};
			name = Release;
		};
/* End XCBuildConfiguration section */

/* Begin XCConfigurationList section */
		3A48389123F9E09500D81883 /* Build configuration list for PBXProject "gymtrack-app" */ = {
			isa = XCConfigurationList;
			buildConfigurations = (
				3A4838A823F9E09900D81883 /* Debug */,
				3A4838A923F9E09900D81883 /* Release */,
			);
			defaultConfigurationIsVisible = 0;
			defaultConfigurationName = Release;
		};
		3A4838AA23F9E09900D81883 /* Build configuration list for PBXNativeTarget "gymtrack-app" */ = {
			isa = XCConfigurationList;
			buildConfigurations = (
				3A4838AB23F9E09900D81883 /* Debug */,
				3A4838AC23F9E09900D81883 /* Release */,
			);
			defaultConfigurationIsVisible = 0;
			defaultConfigurationName = Release;
		};
/* End XCConfigurationList section */

/* Begin XCVersionGroup section */
		3AA99F782454C8EB001D8403 /* gymtrack_app.xcdatamodeld */ = {
			isa = XCVersionGroup;
			children = (
				3AA99F792454C8EB001D8403 /* gymtrack-app.xcdatamodel */,
			);
			currentVersion = 3AA99F792454C8EB001D8403 /* gymtrack-app.xcdatamodel */;
			path = gymtrack_app.xcdatamodeld;
			sourceTree = "<group>";
			versionGroupType = wrapper.xcdatamodel;
		};
/* End XCVersionGroup section */
	};
	rootObject = 3A48388E23F9E09500D81883 /* Project object */;
}
